
Microsoft Visual Studio Solution File, Format Version 12.00
# Visual Studio Version 16
VisualStudioVersion = 16.0.29306.81
MinimumVisualStudioVersion = 10.0.40219.1
Project("{FAE04EC0-301F-11D3-BF4B-00C04F79EFBC}") = "QLBanHangDienTu", "QLBanHangDienTu.csproj", "{7F8C2DC8-C935-4550-84E0-1CEA8899DD9B}"
EndProject
Project("{FAE04EC0-301F-11D3-BF4B-00C04F79EFBC}") = "DAL", "..\DAL\DAL.csproj", "{C0006545-4AD8-4A87-8B58-C9FE54E2F0B8}"
EndProject
Project("{FAE04EC0-301F-11D3-BF4B-00C04F79EFBC}") = "BLL", "..\BLL\BLL.csproj", "{703FD309-9DE1-4A68-AF6B-1926D5EA24B1}"
EndProject
Project("{FAE04EC0-301F-11D3-BF4B-00C04F79EFBC}") = "Object", "..\Object\Object.csproj", "{36F797AD-2013-4B1E-936D-1FC8CFF23CBF}"
EndProject
Project("{FAE04EC0-301F-11D3-BF4B-00C04F79EFBC}") = "Handling", "..\Handling\Handling.csproj", "{1E846F26-FA9F-4AD8-821F-59D1881501BE}"
EndProject
Global
	GlobalSection(SolutionConfigurationPlatforms) = preSolution
		Debug|Any CPU = Debug|Any CPU
		Release|Any CPU = Release|Any CPU
	EndGlobalSection
	GlobalSection(ProjectConfigurationPlatforms) = postSolution
		{7F8C2DC8-C935-4550-84E0-1CEA8899DD9B}.Debug|Any CPU.ActiveCfg = Debug|Any CPU
		{7F8C2DC8-C935-4550-84E0-1CEA8899DD9B}.Debug|Any CPU.Build.0 = Debug|Any CPU
		{7F8C2DC8-C935-4550-84E0-1CEA8899DD9B}.Release|Any CPU.ActiveCfg = Release|Any CPU
		{7F8C2DC8-C935-4550-84E0-1CEA8899DD9B}.Release|Any CPU.Build.0 = Release|Any CPU
		{C0006545-4AD8-4A87-8B58-C9FE54E2F0B8}.Debug|Any CPU.ActiveCfg = Debug|Any CPU
		{C0006545-4AD8-4A87-8B58-C9FE54E2F0B8}.Debug|Any CPU.Build.0 = Debug|Any CPU
		{C0006545-4AD8-4A87-8B58-C9FE54E2F0B8}.Release|Any CPU.ActiveCfg = Release|Any CPU
		{C0006545-4AD8-4A87-8B58-C9FE54E2F0B8}.Release|Any CPU.Build.0 = Release|Any CPU
		{703FD309-9DE1-4A68-AF6B-1926D5EA24B1}.Debug|Any CPU.ActiveCfg = Debug|Any CPU
		{703FD309-9DE1-4A68-AF6B-1926D5EA24B1}.Debug|Any CPU.Build.0 = Debug|Any CPU
		{703FD309-9DE1-4A68-AF6B-1926D5EA24B1}.Release|Any CPU.ActiveCfg = Release|Any CPU
		{703FD309-9DE1-4A68-AF6B-1926D5EA24B1}.Release|Any CPU.Build.0 = Release|Any CPU
		{36F797AD-2013-4B1E-936D-1FC8CFF23CBF}.Debug|Any CPU.ActiveCfg = Debug|Any CPU
		{36F797AD-2013-4B1E-936D-1FC8CFF23CBF}.Debug|Any CPU.Build.0 = Debug|Any CPU
		{36F797AD-2013-4B1E-936D-1FC8CFF23CBF}.Release|Any CPU.ActiveCfg = Release|Any CPU
		{36F797AD-2013-4B1E-936D-1FC8CFF23CBF}.Release|Any CPU.Build.0 = Release|Any CPU
		{1E846F26-FA9F-4AD8-821F-59D1881501BE}.Debug|Any CPU.ActiveCfg = Debug|Any CPU
		{1E846F26-FA9F-4AD8-821F-59D1881501BE}.Debug|Any CPU.Build.0 = Debug|Any CPU
		{1E846F26-FA9F-4AD8-821F-59D1881501BE}.Release|Any CPU.ActiveCfg = Release|Any CPU
		{1E846F26-FA9F-4AD8-821F-59D1881501BE}.Release|Any CPU.Build.0 = Release|Any CPU
	EndGlobalSection
	GlobalSection(SolutionProperties) = preSolution
		HideSolutionNode = FALSE
	EndGlobalSection
	GlobalSection(ExtensibilityGlobals) = postSolution
		SolutionGuid = {256CC631-88F0-4173-8497-EAA109008F48}
	EndGlobalSection
EndGlobal
